Microsoft Visual Studio Solution File, Format Version 12.00
# Visual Studio Version 17
VisualStudioVersion = 17.5.2.0
MinimumVisualStudioVersion = 10.0.40219.1
Project("{FAE04EC0-301F-11D3-BF4B-00C04F79EFBC}") = "PasswordSaver", "PasswordSaver.csproj", "{07E32AE3-9790-0F21-BE9E-B2AF737470F7}"
EndProject
Global
	GlobalSection(SolutionConfigurationPlatforms) = preSolution
		Debug|Any CPU = Debug|Any CPU
		Release|Any CPU = Release|Any CPU
	EndGlobalSection
	GlobalSection(ProjectConfigurationPlatforms) = postSolution
		{07E32AE3-9790-0F21-BE9E-B2AF737470F7}.Debug|Any CPU.ActiveCfg = Debug|Any CPU
		{07E32AE3-9790-0F21-BE9E-B2AF737470F7}.Debug|Any CPU.Build.0 = Debug|Any CPU
		{07E32AE3-9790-0F21-BE9E-B2AF737470F7}.Release|Any CPU.ActiveCfg = Release|Any CPU
		{07E32AE3-9790-0F21-BE9E-B2AF737470F7}.Release|Any CPU.Build.0 = Release|Any CPU
	EndGlobalSection
	GlobalSection(SolutionProperties) = preSolution
		HideSolutionNode = FALSE
	EndGlobalSection
	GlobalSection(ExtensibilityGlobals) = postSolution
		SolutionGuid = {0FE7F699-0757-4F3F-BF9F-CD37E182D0D8}
	EndGlobalSection
EndGlobal
